// !$*UTF8*$!
{
	archiveVersion = 1;
	classes = {
	};
	objectVersion = 50;
	objects = {

/* Begin PBXBuildFile section */
		3F5C873BD6F5F1C926769618 /* Pods_LYUMVVMKit.framework in Frameworks */ = {isa = PBXBuildFile; fileRef = 663DE462A08F88B96902891D /* Pods_LYUMVVMKit.framework */; };
		6118C8E420B84B0900E3B937 /* LYUNotificationCenter.swift in Sources */ = {isa = PBXBuildFile; fileRef = 6118C8E320B84B0900E3B937 /* LYUNotificationCenter.swift */; };
		617456AC20DE99E3005FF7FD /* HomeViewCell.swift in Sources */ = {isa = PBXBuildFile; fileRef = 617456AB20DE99E3005FF7FD /* HomeViewCell.swift */; };
		61836CE520DD35A80002BB11 /* BaseNavigationController.swift in Sources */ = {isa = PBXBuildFile; fileRef = 61836CE420DD35A80002BB11 /* BaseNavigationController.swift */; };
		61836CE720DD381E0002BB11 /* BaseViewController.swift in Sources */ = {isa = PBXBuildFile; fileRef = 61836CE620DD381E0002BB11 /* BaseViewController.swift */; };
		61836CED20DD3F6F0002BB11 /* UIView+Core.swift in Sources */ = {isa = PBXBuildFile; fileRef = 61836CEC20DD3F6F0002BB11 /* UIView+Core.swift */; };
		61836CF220DDD5220002BB11 /* LoginM.swift in Sources */ = {isa = PBXBuildFile; fileRef = 61836CF120DDD5220002BB11 /* LoginM.swift */; };
		61836CF420DDD5970002BB11 /* BaseModel.swift in Sources */ = {isa = PBXBuildFile; fileRef = 61836CF320DDD5970002BB11 /* BaseModel.swift */; };
		61836CF720DDD6760002BB11 /* LoginVM.swift in Sources */ = {isa = PBXBuildFile; fileRef = 61836CF620DDD6760002BB11 /* LoginVM.swift */; };
		61836CFA20DDD98D0002BB11 /* LYUHomeAPI.swift in Sources */ = {isa = PBXBuildFile; fileRef = 61836CF920DDD98D0002BB11 /* LYUHomeAPI.swift */; };
		61836CFD20DDDEBC0002BB11 /* BaseViewModel.swift in Sources */ = {isa = PBXBuildFile; fileRef = 61836CFC20DDDEBC0002BB11 /* BaseViewModel.swift */; };
		61836D0020DE04AD0002BB11 /* HomeVC.swift in Sources */ = {isa = PBXBuildFile; fileRef = 61836CFF20DE04AD0002BB11 /* HomeVC.swift */; };
		61836D0320DE04C90002BB11 /* HomeM.swift in Sources */ = {isa = PBXBuildFile; fileRef = 61836D0220DE04C90002BB11 /* HomeM.swift */; };
		61836D0620DE04EB0002BB11 /* HomeViewModel.swift in Sources */ = {isa = PBXBuildFile; fileRef = 61836D0520DE04EB0002BB11 /* HomeViewModel.swift */; };
		61836D0920DE193D0002BB11 /* LYUMainVC.swift in Sources */ = {isa = PBXBuildFile; fileRef = 61836D0820DE193D0002BB11 /* LYUMainVC.swift */; };
		61836D0C20DE1E870002BB11 /* VideoVC.swift in Sources */ = {isa = PBXBuildFile; fileRef = 61836D0B20DE1E870002BB11 /* VideoVC.swift */; };
		61836D0F20DE1EC90002BB11 /* MineVC.swift in Sources */ = {isa = PBXBuildFile; fileRef = 61836D0E20DE1EC90002BB11 /* MineVC.swift */; };
		61836D1220DE1EF30002BB11 /* MessageVC.swift in Sources */ = {isa = PBXBuildFile; fileRef = 61836D1120DE1EF30002BB11 /* MessageVC.swift */; };
		61836D1620DE208C0002BB11 /* BackgroundContentView.swift in Sources */ = {isa = PBXBuildFile; fileRef = 61836D1420DE208C0002BB11 /* BackgroundContentView.swift */; };
		61836D1720DE208C0002BB11 /* BasicContentView.swift in Sources */ = {isa = PBXBuildFile; fileRef = 61836D1520DE208C0002BB11 /* BasicContentView.swift */; };
		619F8F5320F99DA000787055 /* UINavigationController+LYUNavigationBar.swift in Sources */ = {isa = PBXBuildFile; fileRef = 619F8F5220F99DA000787055 /* UINavigationController+LYUNavigationBar.swift */; };
		619F8F5A210762E100787055 /* LYUPopWindowManager.swift in Sources */ = {isa = PBXBuildFile; fileRef = 619F8F59210762E100787055 /* LYUPopWindowManager.swift */; };
		619F8F5C2107658700787055 /* DispatchQueue+Handle.swift in Sources */ = {isa = PBXBuildFile; fileRef = 619F8F5B2107658700787055 /* DispatchQueue+Handle.swift */; };
		619F8F662113404A00787055 /* EmjoyCollectionViewLayout.swift in Sources */ = {isa = PBXBuildFile; fileRef = 619F8F652113404A00787055 /* EmjoyCollectionViewLayout.swift */; };
		619F8F69211342F000787055 /* LYUPDFView.swift in Sources */ = {isa = PBXBuildFile; fileRef = 619F8F68211342F000787055 /* LYUPDFView.swift */; };
		8517479020B659F4002CE67A /* LYUViewModelType.swift in Sources */ = {isa = PBXBuildFile; fileRef = 8517478F20B659F4002CE67A /* LYUViewModelType.swift */; };
		8517479420B66B92002CE67A /* LYUContentLayoutBtn.swift in Sources */ = {isa = PBXBuildFile; fileRef = 8517479320B66B92002CE67A /* LYUContentLayoutBtn.swift */; };
		8517479820B68D0D002CE67A /* read_share.png in Resources */ = {isa = PBXBuildFile; fileRef = 8517479720B68D0D002CE67A /* read_share.png */; };
		8517479A20B68E4E002CE67A /* LYUThirdLibConfig.swift in Sources */ = {isa = PBXBuildFile; fileRef = 8517479920B68E4E002CE67A /* LYUThirdLibConfig.swift */; };
		851747A320B79EBE002CE67A /* LYUMapToModelExtension.swift in Sources */ = {isa = PBXBuildFile; fileRef = 851747A220B79EBE002CE67A /* LYUMapToModelExtension.swift */; };
		851747A720B7AB0F002CE67A /* FileManager+Extension.swift in Sources */ = {isa = PBXBuildFile; fileRef = 851747A620B7AB0F002CE67A /* FileManager+Extension.swift */; };
		851747B420B7BDD5002CE67A /* LYUCountDownBtn.swift in Sources */ = {isa = PBXBuildFile; fileRef = 851747B320B7BDD5002CE67A /* LYUCountDownBtn.swift */; };
		8527AD6220E245F80090D185 /* LYURxSwiftOperators.swift in Sources */ = {isa = PBXBuildFile; fileRef = 8527AD6120E245F80090D185 /* LYURxSwiftOperators.swift */; };
		8527AD6C20E398AA0090D185 /* LYUHomeNetworkService.swift in Sources */ = {isa = PBXBuildFile; fileRef = 8527AD6B20E398AA0090D185 /* LYUHomeNetworkService.swift */; };
		852974AA20EB01640006429D /* LYUDynamicView.swift in Sources */ = {isa = PBXBuildFile; fileRef = 852974A920EB01640006429D /* LYUDynamicView.swift */; };
		854D3D9E20A98CA900DA8326 /* AppDelegate.swift in Sources */ = {isa = PBXBuildFile; fileRef = 854D3D9D20A98CA900DA8326 /* AppDelegate.swift */; };
		854D3DA020A98CA900DA8326 /* ViewController.swift in Sources */ = {isa = PBXBuildFile; fileRef = 854D3D9F20A98CA900DA8326 /* ViewController.swift */; };
		854D3DA320A98CA900DA8326 /* Main.storyboard in Resources */ = {isa = PBXBuildFile; fileRef = 854D3DA120A98CA900DA8326 /* Main.storyboard */; };
		854D3DA520A98CAB00DA8326 /* Assets.xcassets in Resources */ = {isa = PBXBuildFile; fileRef = 854D3DA420A98CAB00DA8326 /* Assets.xcassets */; };
		854D3DA820A98CAB00DA8326 /* LaunchScreen.storyboard in Resources */ = {isa = PBXBuildFile; fileRef = 854D3DA620A98CAB00DA8326 /* LaunchScreen.storyboard */; };
		854D3DED20A9919400DA8326 /* Array+Extension.swift in Sources */ = {isa = PBXBuildFile; fileRef = 854D3DB420A9919400DA8326 /* Array+Extension.swift */; };
		854D3DEE20A9919400DA8326 /* CGFloat+Extension.swift in Sources */ = {isa = PBXBuildFile; fileRef = 854D3DB620A9919400DA8326 /* CGFloat+Extension.swift */; };
		854D3DEF20A9919400DA8326 /* CGPoint+Extension.swift in Sources */ = {isa = PBXBuildFile; fileRef = 854D3DB820A9919400DA8326 /* CGPoint+Extension.swift */; };
		854D3DF020A9919400DA8326 /* DispatchQueue+Once.swift in Sources */ = {isa = PBXBuildFile; fileRef = 854D3DBA20A9919400DA8326 /* DispatchQueue+Once.swift */; };
		854D3DF120A9919400DA8326 /* NSAttributedString+Extension.swift in Sources */ = {isa = PBXBuildFile; fileRef = 854D3DBC20A9919400DA8326 /* NSAttributedString+Extension.swift */; };
		854D3DF220A9919400DA8326 /* NSObject+Extension.swift in Sources */ = {isa = PBXBuildFile; fileRef = 854D3DBE20A9919400DA8326 /* NSObject+Extension.swift */; };
		854D3DF320A9919400DA8326 /* String+Extension.swift in Sources */ = {isa = PBXBuildFile; fileRef = 854D3DC020A9919400DA8326 /* String+Extension.swift */; };
		854D3DF420A9919400DA8326 /* String+Slices.swift in Sources */ = {isa = PBXBuildFile; fileRef = 854D3DC120A9919400DA8326 /* String+Slices.swift */; };
		854D3DF520A9919400DA8326 /* String+Validate.swift in Sources */ = {isa = PBXBuildFile; fileRef = 854D3DC220A9919400DA8326 /* String+Validate.swift */; };
		854D3DF620A9919400DA8326 /* Timer+WeakProxy.swift in Sources */ = {isa = PBXBuildFile; fileRef = 854D3DC420A9919400DA8326 /* Timer+WeakProxy.swift */; };
		854D3DF720A9919400DA8326 /* UIResponder+Router.swift in Sources */ = {isa = PBXBuildFile; fileRef = 854D3DC520A9919400DA8326 /* UIResponder+Router.swift */; };
		854D3DF820A9919400DA8326 /* UserDefaults+Extension.swift in Sources */ = {isa = PBXBuildFile; fileRef = 854D3DC720A9919400DA8326 /* UserDefaults+Extension.swift */; };
		854D3DF920A9919400DA8326 /* UIButton+Extension.swift in Sources */ = {isa = PBXBuildFile; fileRef = 854D3DCB20A9919400DA8326 /* UIButton+Extension.swift */; };
		854D3DFA20A9919400DA8326 /* UIColor+Extension.swift in Sources */ = {isa = PBXBuildFile; fileRef = 854D3DCE20A9919400DA8326 /* UIColor+Extension.swift */; };
		854D3DFB20A9919400DA8326 /* UIImage+Extension.swift in Sources */ = {isa = PBXBuildFile; fileRef = 854D3DD120A9919400DA8326 /* UIImage+Extension.swift */; };
		854D3DFC20A9919400DA8326 /* UILabel+Extension.swift in Sources */ = {isa = PBXBuildFile; fileRef = 854D3DD420A9919400DA8326 /* UILabel+Extension.swift */; };
		854D3DFD20A9919400DA8326 /* UIScrollView+Extension.swift in Sources */ = {isa = PBXBuildFile; fileRef = 854D3DD820A9919400DA8326 /* UIScrollView+Extension.swift */; };
		854D3DFE20A9919400DA8326 /* UIScrollView+Slide.swift in Sources */ = {isa = PBXBuildFile; fileRef = 854D3DDA20A9919400DA8326 /* UIScrollView+Slide.swift */; };
		854D3DFF20A9919400DA8326 /* UITextField+Extension.swift in Sources */ = {isa = PBXBuildFile; fileRef = 854D3DDD20A9919400DA8326 /* UITextField+Extension.swift */; };
		854D3E0020A9919400DA8326 /* UIView+Animation.swift in Sources */ = {isa = PBXBuildFile; fileRef = 854D3DE020A9919400DA8326 /* UIView+Animation.swift */; };
		854D3E0120A9919400DA8326 /* UIView+BlockGesture.swift in Sources */ = {isa = PBXBuildFile; fileRef = 854D3DE220A9919400DA8326 /* UIView+BlockGesture.swift */; };
		854D3E0220A9919400DA8326 /* UIView+Extension.swift in Sources */ = {isa = PBXBuildFile; fileRef = 854D3DE420A9919400DA8326 /* UIView+Extension.swift */; };
		854D3E0320A9919400DA8326 /* UIView+Snapshot.swift in Sources */ = {isa = PBXBuildFile; fileRef = 854D3DE620A9919400DA8326 /* UIView+Snapshot.swift */; };
		854D3E0420A9919400DA8326 /* UIViewController+Slide.swift in Sources */ = {isa = PBXBuildFile; fileRef = 854D3DE920A9919400DA8326 /* UIViewController+Slide.swift */; };
		854D3E0620A9919400DA8326 /* UIViewController+UIBarButtonItem.swift in Sources */ = {isa = PBXBuildFile; fileRef = 854D3DEC20A9919400DA8326 /* UIViewController+UIBarButtonItem.swift */; };
		854D3E0A20A992D800DA8326 /* LYUSwiftFunctions.swift in Sources */ = {isa = PBXBuildFile; fileRef = 854D3E0920A992D800DA8326 /* LYUSwiftFunctions.swift */; };
		854D3E0C20A9934C00DA8326 /* LYUMacros.swift in Sources */ = {isa = PBXBuildFile; fileRef = 854D3E0B20A9934C00DA8326 /* LYUMacros.swift */; };
		854D3E1020A9942F00DA8326 /* LoginVC.swift in Sources */ = {isa = PBXBuildFile; fileRef = 854D3E0F20A9942F00DA8326 /* LoginVC.swift */; };
		858504BC20CE4D510039E57D /* LYULock.swift in Sources */ = {isa = PBXBuildFile; fileRef = 858504BB20CE4D510039E57D /* LYULock.swift */; };
		85A931C820FC461B004C0FB5 /* UINavigationBar+Extension.swift in Sources */ = {isa = PBXBuildFile; fileRef = 85A931C720FC461B004C0FB5 /* UINavigationBar+Extension.swift */; };
		85C2C4D320EB70520056ED34 /* LYULoginNetworkService.swift in Sources */ = {isa = PBXBuildFile; fileRef = 85C2C4D220EB70520056ED34 /* LYULoginNetworkService.swift */; };
		85C2C4D620EB7CC60056ED34 /* LYULoginService.swift in Sources */ = {isa = PBXBuildFile; fileRef = 85C2C4D520EB7CC60056ED34 /* LYULoginService.swift */; };
		85C2C4D920EB85E40056ED34 /* Rective+Category.swift in Sources */ = {isa = PBXBuildFile; fileRef = 85C2C4D820EB85E40056ED34 /* Rective+Category.swift */; };
		85DBEBF02109B5050090BEE0 /* LYURefreshHeaderView.swift in Sources */ = {isa = PBXBuildFile; fileRef = 85DBEBEF2109B5050090BEE0 /* LYURefreshHeaderView.swift */; };
		85FCAD0E20F759F100BDC10D /* UIDevice+Extension.swift in Sources */ = {isa = PBXBuildFile; fileRef = 85FCAD0D20F759F100BDC10D /* UIDevice+Extension.swift */; };
		85FCAD1320F75A7100BDC10D /* LYURouter.swift in Sources */ = {isa = PBXBuildFile; fileRef = 85FCAD1020F75A7100BDC10D /* LYURouter.swift */; };
		85FCAD1420F75A7100BDC10D /* LYURouterExtension.swift in Sources */ = {isa = PBXBuildFile; fileRef = 85FCAD1120F75A7100BDC10D /* LYURouterExtension.swift */; };
		85FCAD1520F75A7100BDC10D /* UIViewController+LYURouter.swift in Sources */ = {isa = PBXBuildFile; fileRef = 85FCAD1220F75A7100BDC10D /* UIViewController+LYURouter.swift */; };
		85FCAD1A20F75A8B00BDC10D /* LYUBrowser.swift in Sources */ = {isa = PBXBuildFile; fileRef = 85FCAD1720F75A8B00BDC10D /* LYUBrowser.swift */; };
		85FCAD1B20F75A8B00BDC10D /* LYUBrowserConfig.swift in Sources */ = {isa = PBXBuildFile; fileRef = 85FCAD1820F75A8B00BDC10D /* LYUBrowserConfig.swift */; };
		85FCAD1C20F75A8B00BDC10D /* LYULinearProgressBar.swift in Sources */ = {isa = PBXBuildFile; fileRef = 85FCAD1920F75A8B00BDC10D /* LYULinearProgressBar.swift */; };
		85FCAD1E20F75A9300BDC10D /* LYUWebViewController.swift in Sources */ = {isa = PBXBuildFile; fileRef = 85FCAD1D20F75A9300BDC10D /* LYUWebViewController.swift */; };
		85FCAD2220F75AA800BDC10D /* LYUNavigationBar.swift in Sources */ = {isa = PBXBuildFile; fileRef = 85FCAD2020F75AA800BDC10D /* LYUNavigationBar.swift */; };
		85FCAD2320F75AA800BDC10D /* UIImage+Helper.swift in Sources */ = {isa = PBXBuildFile; fileRef = 85FCAD2120F75AA800BDC10D /* UIImage+Helper.swift */; };
		85FCAD2820F89D7200BDC10D /* UIViewController+LYUNavigationBar.swift in Sources */ = {isa = PBXBuildFile; fileRef = 85FCAD2720F89D7200BDC10D /* UIViewController+LYUNavigationBar.swift */; };
/* End PBXBuildFile section */

/* Begin PBXFileReference section */
		39612B5BA894B8B3F40E3AF9 /* Pods-LYUMVVMKit.debug.xcconfig */ = {isa = PBXFileReference; includeInIndex = 1; lastKnownFileType = text.xcconfig; name = "Pods-LYUMVVMKit.debug.xcconfig"; path = "Pods/Target Support Files/Pods-LYUMVVMKit/Pods-LYUMVVMKit.debug.xcconfig"; sourceTree = "<group>"; };
		6118C8E320B84B0900E3B937 /* LYUNotificationCenter.swift */ = {isa = PBXFileReference; lastKnownFileType = sourcecode.swift; path = LYUNotificationCenter.swift; sourceTree = "<group>"; };
		6118C8E520B9B26100E3B937 /* LYUProject-Bridging-Header.h */ = {isa = PBXFileReference; lastKnownFileType = sourcecode.c.h; path = "LYUProject-Bridging-Header.h"; sourceTree = "<group>"; };
		617456AB20DE99E3005FF7FD /* HomeViewCell.swift */ = {isa = PBXFileReference; lastKnownFileType = sourcecode.swift; path = HomeViewCell.swift; sourceTree = "<group>"; };
		61836CE420DD35A80002BB11 /* BaseNavigationController.swift */ = {isa = PBXFileReference; lastKnownFileType = sourcecode.swift; path = BaseNavigationController.swift; sourceTree = "<group>"; };
		61836CE620DD381E0002BB11 /* BaseViewController.swift */ = {isa = PBXFileReference; lastKnownFileType = sourcecode.swift; path = BaseViewController.swift; sourceTree = "<group>"; };
		61836CEC20DD3F6F0002BB11 /* UIView+Core.swift */ = {isa = PBXFileReference; lastKnownFileType = sourcecode.swift; path = "UIView+Core.swift"; sourceTree = "<group>"; };
		61836CF120DDD5220002BB11 /* LoginM.swift */ = {isa = PBXFileReference; lastKnownFileType = sourcecode.swift; path = LoginM.swift; sourceTree = "<group>"; };
		61836CF320DDD5970002BB11 /* BaseModel.swift */ = {isa = PBXFileReference; lastKnownFileType = sourcecode.swift; path = BaseModel.swift; sourceTree = "<group>"; };
		61836CF620DDD6760002BB11 /* LoginVM.swift */ = {isa = PBXFileReference; lastKnownFileType = sourcecode.swift; path = LoginVM.swift; sourceTree = "<group>"; };
		61836CF920DDD98D0002BB11 /* LYUHomeAPI.swift */ = {isa = PBXFileReference; lastKnownFileType = sourcecode.swift; path = LYUHomeAPI.swift; sourceTree = "<group>"; };
		61836CFC20DDDEBC0002BB11 /* BaseViewModel.swift */ = {isa = PBXFileReference; lastKnownFileType = sourcecode.swift; path = BaseViewModel.swift; sourceTree = "<group>"; };
		61836CFF20DE04AD0002BB11 /* HomeVC.swift */ = {isa = PBXFileReference; lastKnownFileType = sourcecode.swift; path = HomeVC.swift; sourceTree = "<group>"; };
		61836D0220DE04C90002BB11 /* HomeM.swift */ = {isa = PBXFileReference; lastKnownFileType = sourcecode.swift; path = HomeM.swift; sourceTree = "<group>"; };
		61836D0520DE04EB0002BB11 /* HomeViewModel.swift */ = {isa = PBXFileReference; lastKnownFileType = sourcecode.swift; path = HomeViewModel.swift; sourceTree = "<group>"; };
		61836D0820DE193D0002BB11 /* LYUMainVC.swift */ = {isa = PBXFileReference; lastKnownFileType = sourcecode.swift; path = LYUMainVC.swift; sourceTree = "<group>"; };
		61836D0B20DE1E870002BB11 /* VideoVC.swift */ = {isa = PBXFileReference; lastKnownFileType = sourcecode.swift; path = VideoVC.swift; sourceTree = "<group>"; };
		61836D0E20DE1EC90002BB11 /* MineVC.swift */ = {isa = PBXFileReference; lastKnownFileType = sourcecode.swift; path = MineVC.swift; sourceTree = "<group>"; };
		61836D1120DE1EF30002BB11 /* MessageVC.swift */ = {isa = PBXFileReference; lastKnownFileType = sourcecode.swift; path = MessageVC.swift; sourceTree = "<group>"; };
		61836D1420DE208C0002BB11 /* BackgroundContentView.swift */ = {isa = PBXFileReference; fileEncoding = 4; lastKnownFileType = sourcecode.swift; path = BackgroundContentView.swift; sourceTree = "<group>"; };
		61836D1520DE208C0002BB11 /* BasicContentView.swift */ = {isa = PBXFileReference; fileEncoding = 4; lastKnownFileType = sourcecode.swift; path = BasicContentView.swift; sourceTree = "<group>"; };
		619F8F5220F99DA000787055 /* UINavigationController+LYUNavigationBar.swift */ = {isa = PBXFileReference; lastKnownFileType = sourcecode.swift; path = "UINavigationController+LYUNavigationBar.swift"; sourceTree = "<group>"; };
		619F8F59210762E100787055 /* LYUPopWindowManager.swift */ = {isa = PBXFileReference; lastKnownFileType = sourcecode.swift; path = LYUPopWindowManager.swift; sourceTree = "<group>"; };
		619F8F5B2107658700787055 /* DispatchQueue+Handle.swift */ = {isa = PBXFileReference; lastKnownFileType = sourcecode.swift; path = "DispatchQueue+Handle.swift"; sourceTree = "<group>"; };
		619F8F652113404A00787055 /* EmjoyCollectionViewLayout.swift */ = {isa = PBXFileReference; lastKnownFileType = sourcecode.swift; path = EmjoyCollectionViewLayout.swift; sourceTree = "<group>"; };
		619F8F68211342F000787055 /* LYUPDFView.swift */ = {isa = PBXFileReference; lastKnownFileType = sourcecode.swift; path = LYUPDFView.swift; sourceTree = "<group>"; };
		663DE462A08F88B96902891D /* Pods_LYUMVVMKit.framework */ = {isa = PBXFileReference; explicitFileType = wrapper.framework; includeInIndex = 0; path = Pods_LYUMVVMKit.framework; sourceTree = BUILT_PRODUCTS_DIR; };
		8517478F20B659F4002CE67A /* LYUViewModelType.swift */ = {isa = PBXFileReference; lastKnownFileType = sourcecode.swift; path = LYUViewModelType.swift; sourceTree = "<group>"; };
		8517479320B66B92002CE67A /* LYUContentLayoutBtn.swift */ = {isa = PBXFileReference; lastKnownFileType = sourcecode.swift; path = LYUContentLayoutBtn.swift; sourceTree = "<group>"; };
		8517479720B68D0D002CE67A /* read_share.png */ = {isa = PBXFileReference; lastKnownFileType = image.png; path = read_share.png; sourceTree = "<group>"; };
		8517479920B68E4E002CE67A /* LYUThirdLibConfig.swift */ = {isa = PBXFileReference; lastKnownFileType = sourcecode.swift; path = LYUThirdLibConfig.swift; sourceTree = "<group>"; };
		851747A220B79EBE002CE67A /* LYUMapToModelExtension.swift */ = {isa = PBXFileReference; lastKnownFileType = sourcecode.swift; path = LYUMapToModelExtension.swift; sourceTree = "<group>"; };
		851747A620B7AB0F002CE67A /* FileManager+Extension.swift */ = {isa = PBXFileReference; lastKnownFileType = sourcecode.swift; path = "FileManager+Extension.swift"; sourceTree = "<group>"; };
		851747B320B7BDD5002CE67A /* LYUCountDownBtn.swift */ = {isa = PBXFileReference; lastKnownFileType = sourcecode.swift; path = LYUCountDownBtn.swift; sourceTree = "<group>"; };
		8527AD6120E245F80090D185 /* LYURxSwiftOperators.swift */ = {isa = PBXFileReference; lastKnownFileType = sourcecode.swift; path = LYURxSwiftOperators.swift; sourceTree = "<group>"; };
		8527AD6B20E398AA0090D185 /* LYUHomeNetworkService.swift */ = {isa = PBXFileReference; lastKnownFileType = sourcecode.swift; path = LYUHomeNetworkService.swift; sourceTree = "<group>"; };
		852974A920EB01640006429D /* LYUDynamicView.swift */ = {isa = PBXFileReference; lastKnownFileType = sourcecode.swift; path = LYUDynamicView.swift; sourceTree = "<group>"; };
		854D3D9A20A98CA900DA8326 /* LYUMVVMKit.app */ = {isa = PBXFileReference; explicitFileType = wrapper.application; includeInIndex = 0; path = LYUMVVMKit.app; sourceTree = BUILT_PRODUCTS_DIR; };
		854D3D9D20A98CA900DA8326 /* AppDelegate.swift */ = {isa = PBXFileReference; lastKnownFileType = sourcecode.swift; path = AppDelegate.swift; sourceTree = "<group>"; };
		854D3D9F20A98CA900DA8326 /* ViewController.swift */ = {isa = PBXFileReference; lastKnownFileType = sourcecode.swift; path = ViewController.swift; sourceTree = "<group>"; };
		854D3DA220A98CA900DA8326 /* Base */ = {isa = PBXFileReference; lastKnownFileType = file.storyboard; name = Base; path = Base.lproj/Main.storyboard; sourceTree = "<group>"; };
		854D3DA420A98CAB00DA8326 /* Assets.xcassets */ = {isa = PBXFileReference; lastKnownFileType = folder.assetcatalog; path = Assets.xcassets; sourceTree = "<group>"; };
		854D3DA720A98CAB00DA8326 /* Base */ = {isa = PBXFileReference; lastKnownFileType = file.storyboard; name = Base; path = Base.lproj/LaunchScreen.storyboard; sourceTree = "<group>"; };
		854D3DA920A98CAB00DA8326 /* Info.plist */ = {isa = PBXFileReference; lastKnownFileType = text.plist.xml; path = Info.plist; sourceTree = "<group>"; };
		854D3DB420A9919400DA8326 /* Array+Extension.swift */ = {isa = PBXFileReference; fileEncoding = 4; lastKnownFileType = sourcecode.swift; path = "Array+Extension.swift"; sourceTree = "<group>"; };
		854D3DB620A9919400DA8326 /* CGFloat+Extension.swift */ = {isa = PBXFileReference; fileEncoding = 4; lastKnownFileType = sourcecode.swift; path = "CGFloat+Extension.swift"; sourceTree = "<group>"; };
		854D3DB820A9919400DA8326 /* CGPoint+Extension.swift */ = {isa = PBXFileReference; fileEncoding = 4; lastKnownFileType = sourcecode.swift; path = "CGPoint+Extension.swift"; sourceTree = "<group>"; };
		854D3DBA20A9919400DA8326 /* DispatchQueue+Once.swift */ = {isa = PBXFileReference; fileEncoding = 4; lastKnownFileType = sourcecode.swift; path = "DispatchQueue+Once.swift"; sourceTree = "<group>"; };
		854D3DBC20A9919400DA8326 /* NSAttributedString+Extension.swift */ = {isa = PBXFileReference; fileEncoding = 4; lastKnownFileType = sourcecode.swift; path = "NSAttributedString+Extension.swift"; sourceTree = "<group>"; };
		854D3DBE20A9919400DA8326 /* NSObject+Extension.swift */ = {isa = PBXFileReference; fileEncoding = 4; lastKnownFileType = sourcecode.swift; path = "NSObject+Extension.swift"; sourceTree = "<group>"; };
		854D3DC020A9919400DA8326 /* String+Extension.swift */ = {isa = PBXFileReference; fileEncoding = 4; lastKnownFileType = sourcecode.swift; path = "String+Extension.swift"; sourceTree = "<group>"; };
		854D3DC120A9919400DA8326 /* String+Slices.swift */ = {isa = PBXFileReference; fileEncoding = 4; lastKnownFileType = sourcecode.swift; path = "String+Slices.swift"; sourceTree = "<group>"; };
		854D3DC220A9919400DA8326 /* String+Validate.swift */ = {isa = PBXFileReference; fileEncoding = 4; lastKnownFileType = sourcecode.swift; path = "String+Validate.swift"; sourceTree = "<group>"; };
		854D3DC420A9919400DA8326 /* Timer+WeakProxy.swift */ = {isa = PBXFileReference; fileEncoding = 4; lastKnownFileType = sourcecode.swift; path = "Timer+WeakProxy.swift"; sourceTree = "<group>"; };
		854D3DC520A9919400DA8326 /* UIResponder+Router.swift */ = {isa = PBXFileReference; fileEncoding = 4; lastKnownFileType = sourcecode.swift; path = "UIResponder+Router.swift"; sourceTree = "<group>"; };
		854D3DC720A9919400DA8326 /* UserDefaults+Extension.swift */ = {isa = PBXFileReference; fileEncoding = 4; lastKnownFileType = sourcecode.swift; path = "UserDefaults+Extension.swift"; sourceTree = "<group>"; };
		854D3DCB20A9919400DA8326 /* UIButton+Extension.swift */ = {isa = PBXFileReference; fileEncoding = 4; lastKnownFileType = sourcecode.swift; path = "UIButton+Extension.swift"; sourceTree = "<group>"; };
		854D3DCE20A9919400DA8326 /* UIColor+Extension.swift */ = {isa = PBXFileReference; fileEncoding = 4; lastKnownFileType = sourcecode.swift; path = "UIColor+Extension.swift"; sourceTree = "<group>"; };
		854D3DD120A9919400DA8326 /* UIImage+Extension.swift */ = {isa = PBXFileReference; fileEncoding = 4; lastKnownFileType = sourcecode.swift; path = "UIImage+Extension.swift"; sourceTree = "<group>"; };
		854D3DD420A9919400DA8326 /* UILabel+Extension.swift */ = {isa = PBXFileReference; fileEncoding = 4; lastKnownFileType = sourcecode.swift; path = "UILabel+Extension.swift"; sourceTree = "<group>"; };
		854D3DD820A9919400DA8326 /* UIScrollView+Extension.swift */ = {isa = PBXFileReference; fileEncoding = 4; lastKnownFileType = sourcecode.swift; path = "UIScrollView+Extension.swift"; sourceTree = "<group>"; };
		854D3DDA20A9919400DA8326 /* UIScrollView+Slide.swift */ = {isa = PBXFileReference; fileEncoding = 4; lastKnownFileType = sourcecode.swift; path = "UIScrollView+Slide.swift"; sourceTree = "<group>"; };
		854D3DDD20A9919400DA8326 /* UITextField+Extension.swift */ = {isa = PBXFileReference; fileEncoding = 4; lastKnownFileType = sourcecode.swift; path = "UITextField+Extension.swift"; sourceTree = "<group>"; };
		854D3DE020A9919400DA8326 /* UIView+Animation.swift */ = {isa = PBXFileReference; fileEncoding = 4; lastKnownFileType = sourcecode.swift; path = "UIView+Animation.swift"; sourceTree = "<group>"; };
		854D3DE220A9919400DA8326 /* UIView+BlockGesture.swift */ = {isa = PBXFileReference; fileEncoding = 4; lastKnownFileType = sourcecode.swift; path = "UIView+BlockGesture.swift"; sourceTree = "<group>"; };
		854D3DE420A9919400DA8326 /* UIView+Extension.swift */ = {isa = PBXFileReference; fileEncoding = 4; lastKnownFileType = sourcecode.swift; path = "UIView+Extension.swift"; sourceTree = "<group>"; };
		854D3DE620A9919400DA8326 /* UIView+Snapshot.swift */ = {isa = PBXFileReference; fileEncoding = 4; lastKnownFileType = sourcecode.swift; path = "UIView+Snapshot.swift"; sourceTree = "<group>"; };
		854D3DE920A9919400DA8326 /* UIViewController+Slide.swift */ = {isa = PBXFileReference; fileEncoding = 4; lastKnownFileType = sourcecode.swift; path = "UIViewController+Slide.swift"; sourceTree = "<group>"; };
		854D3DEC20A9919400DA8326 /* UIViewController+UIBarButtonItem.swift */ = {isa = PBXFileReference; fileEncoding = 4; lastKnownFileType = sourcecode.swift; path = "UIViewController+UIBarButtonItem.swift"; sourceTree = "<group>"; };
		854D3E0920A992D800DA8326 /* LYUSwiftFunctions.swift */ = {isa = PBXFileReference; fileEncoding = 4; lastKnownFileType = sourcecode.swift; path = LYUSwiftFunctions.swift; sourceTree = "<group>"; };
		854D3E0B20A9934C00DA8326 /* LYUMacros.swift */ = {isa = PBXFileReference; lastKnownFileType = sourcecode.swift; path = LYUMacros.swift; sourceTree = "<group>"; };
		854D3E0F20A9942F00DA8326 /* LoginVC.swift */ = {isa = PBXFileReference; lastKnownFileType = sourcecode.swift; path = LoginVC.swift; sourceTree = "<group>"; };
		858504BB20CE4D510039E57D /* LYULock.swift */ = {isa = PBXFileReference; lastKnownFileType = sourcecode.swift; path = LYULock.swift; sourceTree = "<group>"; };
		85A931C720FC461B004C0FB5 /* UINavigationBar+Extension.swift */ = {isa = PBXFileReference; lastKnownFileType = sourcecode.swift; path = "UINavigationBar+Extension.swift"; sourceTree = "<group>"; };
		85C2C4D220EB70520056ED34 /* LYULoginNetworkService.swift */ = {isa = PBXFileReference; lastKnownFileType = sourcecode.swift; path = LYULoginNetworkService.swift; sourceTree = "<group>"; };
		85C2C4D520EB7CC60056ED34 /* LYULoginService.swift */ = {isa = PBXFileReference; lastKnownFileType = sourcecode.swift; path = LYULoginService.swift; sourceTree = "<group>"; };
		85C2C4D820EB85E40056ED34 /* Rective+Category.swift */ = {isa = PBXFileReference; lastKnownFileType = sourcecode.swift; path = "Rective+Category.swift"; sourceTree = "<group>"; };
		85DBEBEF2109B5050090BEE0 /* LYURefreshHeaderView.swift */ = {isa = PBXFileReference; lastKnownFileType = sourcecode.swift; path = LYURefreshHeaderView.swift; sourceTree = "<group>"; };
		85FCAD0D20F759F100BDC10D /* UIDevice+Extension.swift */ = {isa = PBXFileReference; lastKnownFileType = sourcecode.swift; path = "UIDevice+Extension.swift"; sourceTree = "<group>"; };
		85FCAD1020F75A7100BDC10D /* LYURouter.swift */ = {isa = PBXFileReference; fileEncoding = 4; lastKnownFileType = sourcecode.swift; path = LYURouter.swift; sourceTree = "<group>"; };
		85FCAD1120F75A7100BDC10D /* LYURouterExtension.swift */ = {isa = PBXFileReference; fileEncoding = 4; lastKnownFileType = sourcecode.swift; path = LYURouterExtension.swift; sourceTree = "<group>"; };
		85FCAD1220F75A7100BDC10D /* UIViewController+LYURouter.swift */ = {isa = PBXFileReference; fileEncoding = 4; lastKnownFileType = sourcecode.swift; path = "UIViewController+LYURouter.swift"; sourceTree = "<group>"; };
		85FCAD1720F75A8B00BDC10D /* LYUBrowser.swift */ = {isa = PBXFileReference; fileEncoding = 4; lastKnownFileType = sourcecode.swift; path = LYUBrowser.swift; sourceTree = "<group>"; };
		85FCAD1820F75A8B00BDC10D /* LYUBrowserConfig.swift */ = {isa = PBXFileReference; fileEncoding = 4; lastKnownFileType = sourcecode.swift; path = LYUBrowserConfig.swift; sourceTree = "<group>"; };
		85FCAD1920F75A8B00BDC10D /* LYULinearProgressBar.swift */ = {isa = PBXFileReference; fileEncoding = 4; lastKnownFileType = sourcecode.swift; path = LYULinearProgressBar.swift; sourceTree = "<group>"; };
		85FCAD1D20F75A9300BDC10D /* LYUWebViewController.swift */ = {isa = PBXFileReference; fileEncoding = 4; lastKnownFileType = sourcecode.swift; path = LYUWebViewController.swift; sourceTree = "<group>"; };
		85FCAD2020F75AA800BDC10D /* LYUNavigationBar.swift */ = {isa = PBXFileReference; fileEncoding = 4; lastKnownFileType = sourcecode.swift; path = LYUNavigationBar.swift; sourceTree = "<group>"; };
		85FCAD2120F75AA800BDC10D /* UIImage+Helper.swift */ = {isa = PBXFileReference; fileEncoding = 4; lastKnownFileType = sourcecode.swift; path = "UIImage+Helper.swift"; sourceTree = "<group>"; };
		85FCAD2720F89D7200BDC10D /* UIViewController+LYUNavigationBar.swift */ = {isa = PBXFileReference; lastKnownFileType = sourcecode.swift; path = "UIViewController+LYUNavigationBar.swift"; sourceTree = "<group>"; };
		880EC322FC07882EC6533F5A /* Pods-LYUMVVMKit.release.xcconfig */ = {isa = PBXFileReference; includeInIndex = 1; lastKnownFileType = text.xcconfig; name = "Pods-LYUMVVMKit.release.xcconfig"; path = "Pods/Target Support Files/Pods-LYUMVVMKit/Pods-LYUMVVMKit.release.xcconfig"; sourceTree = "<group>"; };
/* End PBXFileReference section */

/* Begin PBXFrameworksBuildPhase section */
		854D3D9720A98CA900DA8326 /* Frameworks */ = {
			isa = PBXFrameworksBuildPhase;
			buildActionMask = 2147483647;
			files = (
				3F5C873BD6F5F1C926769618 /* Pods_LYUMVVMKit.framework in Frameworks */,
			);
			runOnlyForDeploymentPostprocessing = 0;
		};
/* End PBXFrameworksBuildPhase section */

/* Begin PBXGroup section */
		245FA1A03834CF506C5B6D47 /* Pods */ = {
			isa = PBXGroup;
			children = (
				39612B5BA894B8B3F40E3AF9 /* Pods-LYUMVVMKit.debug.xcconfig */,
				880EC322FC07882EC6533F5A /* Pods-LYUMVVMKit.release.xcconfig */,
			);
			name = Pods;
			sourceTree = "<group>";
		};
		33F9A44E4DB37D57A5E8A0DC /* Frameworks */ = {
			isa = PBXGroup;
			children = (
				663DE462A08F88B96902891D /* Pods_LYUMVVMKit.framework */,
			);
			name = Frameworks;
			sourceTree = "<group>";
		};
		617456AA20DE99A7005FF7FD /* V */ = {
			isa = PBXGroup;
			children = (
				617456AB20DE99E3005FF7FD /* HomeViewCell.swift */,
			);
			path = V;
			sourceTree = "<group>";
		};
		61836CE320DD35770002BB11 /* Base */ = {
			isa = PBXGroup;
			children = (
				85FCAD1D20F75A9300BDC10D /* LYUWebViewController.swift */,
				61836CE420DD35A80002BB11 /* BaseNavigationController.swift */,
				61836CE620DD381E0002BB11 /* BaseViewController.swift */,
				61836CF320DDD5970002BB11 /* BaseModel.swift */,
				61836CFC20DDDEBC0002BB11 /* BaseViewModel.swift */,
			);
			path = Base;
			sourceTree = "<group>";
		};
		61836CEB20DD3F500002BB11 /* UIView+Core */ = {
			isa = PBXGroup;
			children = (
				61836CEC20DD3F6F0002BB11 /* UIView+Core.swift */,
			);
			path = "UIView+Core";
			sourceTree = "<group>";
		};
		61836CF020DDD5060002BB11 /* M */ = {
			isa = PBXGroup;
			children = (
				61836CF120DDD5220002BB11 /* LoginM.swift */,
			);
			path = M;
			sourceTree = "<group>";
		};
		61836CF520DDD6670002BB11 /* LoginVM */ = {
			isa = PBXGroup;
			children = (
				61836CF620DDD6760002BB11 /* LoginVM.swift */,
			);
			path = LoginVM;
			sourceTree = "<group>";
		};
		61836CF820DDD96C0002BB11 /* APIManager */ = {
			isa = PBXGroup;
			children = (
				61836CF920DDD98D0002BB11 /* LYUHomeAPI.swift */,
			);
			path = APIManager;
			sourceTree = "<group>";
		};
		61836CFE20DE047E0002BB11 /* Home */ = {
			isa = PBXGroup;
			children = (
				617456AA20DE99A7005FF7FD /* V */,
				61836D0420DE04CD0002BB11 /* VM */,
				61836D0120DE04B30002BB11 /* M */,
				61836CFF20DE04AD0002BB11 /* HomeVC.swift */,
			);
			path = Home;
			sourceTree = "<group>";
		};
		61836D0120DE04B30002BB11 /* M */ = {
			isa = PBXGroup;
			children = (
				61836D0220DE04C90002BB11 /* HomeM.swift */,
			);
			path = M;
			sourceTree = "<group>";
		};
		61836D0420DE04CD0002BB11 /* VM */ = {
			isa = PBXGroup;
			children = (
				61836D0520DE04EB0002BB11 /* HomeViewModel.swift */,
			);
			path = VM;
			sourceTree = "<group>";
		};
		61836D0720DE19130002BB11 /* Main */ = {
			isa = PBXGroup;
			children = (
				61836D1320DE208C0002BB11 /* View */,
				61836D0820DE193D0002BB11 /* LYUMainVC.swift */,
			);
			path = Main;
			sourceTree = "<group>";
		};
		61836D0A20DE1E5D0002BB11 /* Video */ = {
			isa = PBXGroup;
			children = (
				61836D0B20DE1E870002BB11 /* VideoVC.swift */,
			);
			path = Video;
			sourceTree = "<group>";
		};
		61836D0D20DE1EB70002BB11 /* Mine */ = {
			isa = PBXGroup;
			children = (
				61836D0E20DE1EC90002BB11 /* MineVC.swift */,
			);
			path = Mine;
			sourceTree = "<group>";
		};
		61836D1020DE1EE20002BB11 /* Message */ = {
			isa = PBXGroup;
			children = (
				61836D1120DE1EF30002BB11 /* MessageVC.swift */,
			);
			path = Message;
			sourceTree = "<group>";
		};
		61836D1320DE208C0002BB11 /* View */ = {
			isa = PBXGroup;
			children = (
				61836D1420DE208C0002BB11 /* BackgroundContentView.swift */,
				61836D1520DE208C0002BB11 /* BasicContentView.swift */,
			);
			path = View;
			sourceTree = "<group>";
		};
		619F8F562104C8BD00787055 /* test */ = {
			isa = PBXGroup;
			children = (
			);
			path = test;
			sourceTree = "<group>";
		};
		619F8F67211342DD00787055 /* LYUPDFView */ = {
			isa = PBXGroup;
			children = (
				619F8F68211342F000787055 /* LYUPDFView.swift */,
			);
			path = LYUPDFView;
			sourceTree = "<group>";
		};
		8517478E20B659DA002CE67A /* Protocol */ = {
			isa = PBXGroup;
			children = (
				8517478F20B659F4002CE67A /* LYUViewModelType.swift */,
			);
			path = Protocol;
			sourceTree = "<group>";
		};
		8517479120B66B47002CE67A /* LYUView */ = {
			isa = PBXGroup;
			children = (
				619F8F67211342DD00787055 /* LYUPDFView */,
				85DBEBEE2109B4E50090BEE0 /* LYURefreshHeaderView */,
				852974A820EB01090006429D /* LYUDynamicView */,
				851747B220B7BDCD002CE67A /* LYUCountDownBtn */,
				8517479220B66B6C002CE67A /* LYUContentLayoutBtn */,
			);
			path = LYUView;
			sourceTree = "<group>";
		};
		8517479220B66B6C002CE67A /* LYUContentLayoutBtn */ = {
			isa = PBXGroup;
			children = (
				8517479320B66B92002CE67A /* LYUContentLayoutBtn.swift */,
			);
			path = LYUContentLayoutBtn;
			sourceTree = "<group>";
		};
		8517479520B68CB3002CE67A /* resource */ = {
			isa = PBXGroup;
			children = (
				8517479620B68CBE002CE67A /* img */,
			);
			path = resource;
			sourceTree = "<group>";
		};
		8517479620B68CBE002CE67A /* img */ = {
			isa = PBXGroup;
			children = (
				8517479720B68D0D002CE67A /* read_share.png */,
			);
			path = img;
			sourceTree = "<group>";
		};
		851747A520B7AAFB002CE67A /* FileManager */ = {
			isa = PBXGroup;
			children = (
				851747A620B7AB0F002CE67A /* FileManager+Extension.swift */,
			);
			path = FileManager;
			sourceTree = "<group>";
		};
		851747B220B7BDCD002CE67A /* LYUCountDownBtn */ = {
			isa = PBXGroup;
			children = (
				851747B320B7BDD5002CE67A /* LYUCountDownBtn.swift */,
			);
			path = LYUCountDownBtn;
			sourceTree = "<group>";
		};
		8527AD6920E384A10090D185 /* NetworkService */ = {
			isa = PBXGroup;
			children = (
				8527AD6B20E398AA0090D185 /* LYUHomeNetworkService.swift */,
				85C2C4D220EB70520056ED34 /* LYULoginNetworkService.swift */,
			);
			path = NetworkService;
			sourceTree = "<group>";
		};
		852974A820EB01090006429D /* LYUDynamicView */ = {
			isa = PBXGroup;
			children = (
				852974A920EB01640006429D /* LYUDynamicView.swift */,
			);
			path = LYUDynamicView;
			sourceTree = "<group>";
		};
		854D3D9120A98CA900DA8326 = {
			isa = PBXGroup;
			children = (
				854D3D9C20A98CA900DA8326 /* LYUMVVMKit */,
				854D3D9B20A98CA900DA8326 /* Products */,
				245FA1A03834CF506C5B6D47 /* Pods */,
				33F9A44E4DB37D57A5E8A0DC /* Frameworks */,
			);
			sourceTree = "<group>";
		};
		854D3D9B20A98CA900DA8326 /* Products */ = {
			isa = PBXGroup;
			children = (
				854D3D9A20A98CA900DA8326 /* LYUMVVMKit.app */,
			);
			name = Products;
			sourceTree = "<group>";
		};
		854D3D9C20A98CA900DA8326 /* LYUMVVMKit */ = {
			isa = PBXGroup;
			children = (
				854D3DAF20A9907100DA8326 /* Library */,
				854D3DB020A990B500DA8326 /* Common */,
				854D3E0D20A993F900DA8326 /* Module */,
				854D3D9D20A98CA900DA8326 /* AppDelegate.swift */,
				854D3D9F20A98CA900DA8326 /* ViewController.swift */,
				8517479920B68E4E002CE67A /* LYUThirdLibConfig.swift */,
				854D3E0B20A9934C00DA8326 /* LYUMacros.swift */,
				6118C8E520B9B26100E3B937 /* LYUProject-Bridging-Header.h */,
				8517479520B68CB3002CE67A /* resource */,
				854D3DA120A98CA900DA8326 /* Main.storyboard */,
				854D3DA420A98CAB00DA8326 /* Assets.xcassets */,
				854D3DA620A98CAB00DA8326 /* LaunchScreen.storyboard */,
				854D3DA920A98CAB00DA8326 /* Info.plist */,
			);
			path = LYUMVVMKit;
			sourceTree = "<group>";
		};
		854D3DAF20A9907100DA8326 /* Library */ = {
			isa = PBXGroup;
			children = (
				85FCAD1F20F75AA800BDC10D /* LYUNavigationBar */,
				85FCAD1620F75A8B00BDC10D /* LYUWeb */,
				85FCAD0F20F75A7100BDC10D /* LYURouter */,
			);
			path = Library;
			sourceTree = "<group>";
		};
		854D3DB020A990B500DA8326 /* Common */ = {
			isa = PBXGroup;
			children = (
				8527AD6920E384A10090D185 /* NetworkService */,
				61836CF820DDD96C0002BB11 /* APIManager */,
				61836CE320DD35770002BB11 /* Base */,
				8517478E20B659DA002CE67A /* Protocol */,
				8517479120B66B47002CE67A /* LYUView */,
				854D3E0820A992BE00DA8326 /* Utils */,
				854D3DB120A9919400DA8326 /* Category */,
			);
			path = Common;
			sourceTree = "<group>";
		};
		854D3DB120A9919400DA8326 /* Category */ = {
			isa = PBXGroup;
			children = (
				85C2C4D720EB85C30056ED34 /* Rective */,
				854D3DB220A9919400DA8326 /* Foundation */,
				854D3DC820A9919400DA8326 /* UIKit */,
			);
			path = Category;
			sourceTree = "<group>";
		};
		854D3DB220A9919400DA8326 /* Foundation */ = {
			isa = PBXGroup;
			children = (
				851747A520B7AAFB002CE67A /* FileManager */,
				854D3DB320A9919400DA8326 /* Array */,
				854D3DB520A9919400DA8326 /* CGFloat */,
				854D3DB720A9919400DA8326 /* CGPoint */,
				854D3DB920A9919400DA8326 /* DispatchQueue */,
				854D3DBB20A9919400DA8326 /* NSAttributedString */,
				854D3DBD20A9919400DA8326 /* NSObject+Extension */,
				854D3DBF20A9919400DA8326 /* String+Extension */,
				854D3DC320A9919400DA8326 /* Timer */,
				854D3DC620A9919400DA8326 /* UserDefaults */,
			);
			path = Foundation;
			sourceTree = "<group>";
		};
		854D3DB320A9919400DA8326 /* Array */ = {
			isa = PBXGroup;
			children = (
				854D3DB420A9919400DA8326 /* Array+Extension.swift */,
			);
			path = Array;
			sourceTree = "<group>";
		};
		854D3DB520A9919400DA8326 /* CGFloat */ = {
			isa = PBXGroup;
			children = (
				854D3DB620A9919400DA8326 /* CGFloat+Extension.swift */,
			);
			path = CGFloat;
			sourceTree = "<group>";
		};
		854D3DB720A9919400DA8326 /* CGPoint */ = {
			isa = PBXGroup;
			children = (
				854D3DB820A9919400DA8326 /* CGPoint+Extension.swift */,
			);
			path = CGPoint;
			sourceTree = "<group>";
		};
		854D3DB920A9919400DA8326 /* DispatchQueue */ = {
			isa = PBXGroup;
			children = (
				854D3DBA20A9919400DA8326 /* DispatchQueue+Once.swift */,
				619F8F5B2107658700787055 /* DispatchQueue+Handle.swift */,
			);
			path = DispatchQueue;
			sourceTree = "<group>";
		};
		854D3DBB20A9919400DA8326 /* NSAttributedString */ = {
			isa = PBXGroup;
			children = (
				854D3DBC20A9919400DA8326 /* NSAttributedString+Extension.swift */,
			);
			path = NSAttributedString;
			sourceTree = "<group>";
		};
		854D3DBD20A9919400DA8326 /* NSObject+Extension */ = {
			isa = PBXGroup;
			children = (
				854D3DBE20A9919400DA8326 /* NSObject+Extension.swift */,
			);
			path = "NSObject+Extension";
			sourceTree = "<group>";
		};
		854D3DBF20A9919400DA8326 /* String+Extension */ = {
			isa = PBXGroup;
			children = (
				854D3DC020A9919400DA8326 /* String+Extension.swift */,
				854D3DC120A9919400DA8326 /* String+Slices.swift */,
				854D3DC220A9919400DA8326 /* String+Validate.swift */,
			);
			path = "String+Extension";
			sourceTree = "<group>";
		};
		854D3DC320A9919400DA8326 /* Timer */ = {
			isa = PBXGroup;
			children = (
				854D3DC420A9919400DA8326 /* Timer+WeakProxy.swift */,
			);
			path = Timer;
			sourceTree = "<group>";
		};
		854D3DC620A9919400DA8326 /* UserDefaults */ = {
			isa = PBXGroup;
			children = (
				854D3DC720A9919400DA8326 /* UserDefaults+Extension.swift */,
			);
			path = UserDefaults;
			sourceTree = "<group>";
		};
		854D3DC820A9919400DA8326 /* UIKit */ = {
			isa = PBXGroup;
			children = (
				85FCAD0C20F759E000BDC10D /* UIDevice */,
				854D3DC920A9919400DA8326 /* UIButton */,
				854D3DCC20A9919400DA8326 /* UIColor */,
				854D3DCF20A9919400DA8326 /* UIImage */,
				854D3DD220A9919400DA8326 /* UILabel */,
				854D3DD520A9919400DA8326 /* UIResponder */,
				854D3DD620A9919400DA8326 /* UIScrollView */,
				854D3DDB20A9919400DA8326 /* UITextField */,
				854D3DDE20A9919400DA8326 /* UIView */,
				854D3DE720A9919400DA8326 /* UIViewController */,
			);
			path = UIKit;
			sourceTree = "<group>";
		};
		854D3DC920A9919400DA8326 /* UIButton */ = {
			isa = PBXGroup;
			children = (
				854D3DCA20A9919400DA8326 /* UIButton+Extension */,
			);
			path = UIButton;
			sourceTree = "<group>";
		};
		854D3DCA20A9919400DA8326 /* UIButton+Extension */ = {
			isa = PBXGroup;
			children = (
				854D3DCB20A9919400DA8326 /* UIButton+Extension.swift */,
			);
			path = "UIButton+Extension";
			sourceTree = "<group>";
		};
		854D3DCC20A9919400DA8326 /* UIColor */ = {
			isa = PBXGroup;
			children = (
				854D3DCD20A9919400DA8326 /* UIColor+Extension */,
			);
			path = UIColor;
			sourceTree = "<group>";
		};
		854D3DCD20A9919400DA8326 /* UIColor+Extension */ = {
			isa = PBXGroup;
			children = (
				854D3DCE20A9919400DA8326 /* UIColor+Extension.swift */,
			);
			path = "UIColor+Extension";
			sourceTree = "<group>";
		};
		854D3DCF20A9919400DA8326 /* UIImage */ = {
			isa = PBXGroup;
			children = (
				854D3DD020A9919400DA8326 /* UIImage+Extension */,
			);
			path = UIImage;
			sourceTree = "<group>";
		};
		854D3DD020A9919400DA8326 /* UIImage+Extension */ = {
			isa = PBXGroup;
			children = (
				854D3DD120A9919400DA8326 /* UIImage+Extension.swift */,
			);
			path = "UIImage+Extension";
			sourceTree = "<group>";
		};
		854D3DD220A9919400DA8326 /* UILabel */ = {
			isa = PBXGroup;
			children = (
				854D3DD320A9919400DA8326 /* UILabel+Extension */,
			);
			path = UILabel;
			sourceTree = "<group>";
		};
		854D3DD320A9919400DA8326 /* UILabel+Extension */ = {
			isa = PBXGroup;
			children = (
				854D3DD420A9919400DA8326 /* UILabel+Extension.swift */,
			);
			path = "UILabel+Extension";
			sourceTree = "<group>";
		};
		854D3DD520A9919400DA8326 /* UIResponder */ = {
			isa = PBXGroup;
			children = (
				854D3DC520A9919400DA8326 /* UIResponder+Router.swift */,
			);
			path = UIResponder;
			sourceTree = "<group>";
		};
		854D3DD620A9919400DA8326 /* UIScrollView */ = {
			isa = PBXGroup;
			children = (
				854D3DD720A9919400DA8326 /* UIScrollView+Extension */,
				854D3DD920A9919400DA8326 /* UIScrollView+Slide */,
			);
			path = UIScrollView;
			sourceTree = "<group>";
		};
		854D3DD720A9919400DA8326 /* UIScrollView+Extension */ = {
			isa = PBXGroup;
			children = (
				854D3DD820A9919400DA8326 /* UIScrollView+Extension.swift */,
			);
			path = "UIScrollView+Extension";
			sourceTree = "<group>";
		};
		854D3DD920A9919400DA8326 /* UIScrollView+Slide */ = {
			isa = PBXGroup;
			children = (
				854D3DDA20A9919400DA8326 /* UIScrollView+Slide.swift */,
			);
			path = "UIScrollView+Slide";
			sourceTree = "<group>";
		};
		854D3DDB20A9919400DA8326 /* UITextField */ = {
			isa = PBXGroup;
			children = (
				854D3DDC20A9919400DA8326 /* UITextField+Extension */,
			);
			path = UITextField;
			sourceTree = "<group>";
		};
		854D3DDC20A9919400DA8326 /* UITextField+Extension */ = {
			isa = PBXGroup;
			children = (
				854D3DDD20A9919400DA8326 /* UITextField+Extension.swift */,
			);
			path = "UITextField+Extension";
			sourceTree = "<group>";
		};
		854D3DDE20A9919400DA8326 /* UIView */ = {
			isa = PBXGroup;
			children = (
				61836CEB20DD3F500002BB11 /* UIView+Core */,
				854D3DDF20A9919400DA8326 /* UIView+Animation */,
				854D3DE120A9919400DA8326 /* UIView+BlockGesture */,
				854D3DE320A9919400DA8326 /* UIView+Extension */,
				854D3DE520A9919400DA8326 /* UIView+Snapshot */,
			);
			path = UIView;
			sourceTree = "<group>";
		};
		854D3DDF20A9919400DA8326 /* UIView+Animation */ = {
			isa = PBXGroup;
			children = (
				854D3DE020A9919400DA8326 /* UIView+Animation.swift */,
			);
			path = "UIView+Animation";
			sourceTree = "<group>";
		};
		854D3DE120A9919400DA8326 /* UIView+BlockGesture */ = {
			isa = PBXGroup;
			children = (
				854D3DE220A9919400DA8326 /* UIView+BlockGesture.swift */,
			);
			path = "UIView+BlockGesture";
			sourceTree = "<group>";
		};
		854D3DE320A9919400DA8326 /* UIView+Extension */ = {
			isa = PBXGroup;
			children = (
				854D3DE420A9919400DA8326 /* UIView+Extension.swift */,
			);
			path = "UIView+Extension";
			sourceTree = "<group>";
		};
		854D3DE520A9919400DA8326 /* UIView+Snapshot */ = {
			isa = PBXGroup;
			children = (
				854D3DE620A9919400DA8326 /* UIView+Snapshot.swift */,
			);
			path = "UIView+Snapshot";
			sourceTree = "<group>";
		};
		854D3DE720A9919400DA8326 /* UIViewController */ = {
			isa = PBXGroup;
			children = (
				854D3DE820A9919400DA8326 /* UIViewController+SlideHandle */,
				854D3DEB20A9919400DA8326 /* UIViewController+UIBarButtonItem */,
			);
			path = UIViewController;
			sourceTree = "<group>";
		};
		854D3DE820A9919400DA8326 /* UIViewController+SlideHandle */ = {
			isa = PBXGroup;
			children = (
				854D3DE920A9919400DA8326 /* UIViewController+Slide.swift */,
			);
			path = "UIViewController+SlideHandle";
			sourceTree = "<group>";
		};
		854D3DEB20A9919400DA8326 /* UIViewController+UIBarButtonItem */ = {
			isa = PBXGroup;
			children = (
				854D3DEC20A9919400DA8326 /* UIViewController+UIBarButtonItem.swift */,
			);
			path = "UIViewController+UIBarButtonItem";
			sourceTree = "<group>";
		};
		854D3E0820A992BE00DA8326 /* Utils */ = {
			isa = PBXGroup;
			children = (
				854D3E0920A992D800DA8326 /* LYUSwiftFunctions.swift */,
				851747A220B79EBE002CE67A /* LYUMapToModelExtension.swift */,
				6118C8E320B84B0900E3B937 /* LYUNotificationCenter.swift */,
				858504BB20CE4D510039E57D /* LYULock.swift */,
				8527AD6120E245F80090D185 /* LYURxSwiftOperators.swift */,
				619F8F59210762E100787055 /* LYUPopWindowManager.swift */,
				619F8F652113404A00787055 /* EmjoyCollectionViewLayout.swift */,
			);
			path = Utils;
			sourceTree = "<group>";
		};
		854D3E0D20A993F900DA8326 /* Module */ = {
			isa = PBXGroup;
			children = (
				619F8F562104C8BD00787055 /* test */,
				61836D1020DE1EE20002BB11 /* Message */,
				61836D0D20DE1EB70002BB11 /* Mine */,
				61836D0A20DE1E5D0002BB11 /* Video */,
				61836D0720DE19130002BB11 /* Main */,
				61836CFE20DE047E0002BB11 /* Home */,
				854D3E0E20A9940B00DA8326 /* Login */,
			);
			path = Module;
			sourceTree = "<group>";
		};
		854D3E0E20A9940B00DA8326 /* Login */ = {
			isa = PBXGroup;
			children = (
				85C2C4D420EB79FD0056ED34 /* Service */,
				61836CF520DDD6670002BB11 /* LoginVM */,
				61836CF020DDD5060002BB11 /* M */,
				854D3E0F20A9942F00DA8326 /* LoginVC.swift */,
			);
			path = Login;
			sourceTree = "<group>";
		};
		85C2C4D420EB79FD0056ED34 /* Service */ = {
			isa = PBXGroup;
			children = (
				85C2C4D520EB7CC60056ED34 /* LYULoginService.swift */,
			);
			path = Service;
			sourceTree = "<group>";
		};
		85C2C4D720EB85C30056ED34 /* Rective */ = {
			isa = PBXGroup;
			children = (
				85C2C4D820EB85E40056ED34 /* Rective+Category.swift */,
			);
			path = Rective;
			sourceTree = "<group>";
		};
		85DBEBEE2109B4E50090BEE0 /* LYURefreshHeaderView */ = {
			isa = PBXGroup;
			children = (
				85DBEBEF2109B5050090BEE0 /* LYURefreshHeaderView.swift */,
			);
			path = LYURefreshHeaderView;
			sourceTree = "<group>";
		};
		85FCAD0C20F759E000BDC10D /* UIDevice */ = {
			isa = PBXGroup;
			children = (
				85FCAD0D20F759F100BDC10D /* UIDevice+Extension.swift */,
			);
			path = UIDevice;
			sourceTree = "<group>";
		};
		85FCAD0F20F75A7100BDC10D /* LYURouter */ = {
			isa = PBXGroup;
			children = (
				85FCAD1020F75A7100BDC10D /* LYURouter.swift */,
				85FCAD1120F75A7100BDC10D /* LYURouterExtension.swift */,
				85FCAD1220F75A7100BDC10D /* UIViewController+LYURouter.swift */,
			);
			path = LYURouter;
			sourceTree = "<group>";
		};
		85FCAD1620F75A8B00BDC10D /* LYUWeb */ = {
			isa = PBXGroup;
			children = (
				85FCAD1720F75A8B00BDC10D /* LYUBrowser.swift */,
				85FCAD1820F75A8B00BDC10D /* LYUBrowserConfig.swift */,
				85FCAD1920F75A8B00BDC10D /* LYULinearProgressBar.swift */,
			);
			path = LYUWeb;
			sourceTree = "<group>";
		};
		85FCAD1F20F75AA800BDC10D /* LYUNavigationBar */ = {
			isa = PBXGroup;
			children = (
				85FCAD2020F75AA800BDC10D /* LYUNavigationBar.swift */,
				85FCAD2120F75AA800BDC10D /* UIImage+Helper.swift */,
				85A931C720FC461B004C0FB5 /* UINavigationBar+Extension.swift */,
				85FCAD2720F89D7200BDC10D /* UIViewController+LYUNavigationBar.swift */,
				619F8F5220F99DA000787055 /* UINavigationController+LYUNavigationBar.swift */,
			);
			path = LYUNavigationBar;
			sourceTree = "<group>";
		};
/* End PBXGroup section */

/* Begin PBXNativeTarget section */
		854D3D9920A98CA900DA8326 /* LYUMVVMKit */ = {
			isa = PBXNativeTarget;
			buildConfigurationList = 854D3DAC20A98CAB00DA8326 /* Build configuration list for PBXNativeTarget "LYUMVVMKit" */;
			buildPhases = (
				937DC9FCDBABF99DE2A79434 /* [CP] Check Pods Manifest.lock */,
				854D3D9620A98CA900DA8326 /* Sources */,
				854D3D9720A98CA900DA8326 /* Frameworks */,
				854D3D9820A98CA900DA8326 /* Resources */,
				1A7C5011E521BE65D1DFCFD4 /* [CP] Embed Pods Frameworks */,
			);
			buildRules = (
			);
			dependencies = (
			);
			name = LYUMVVMKit;
			productName = LYUMVVMKit;
			productReference = 854D3D9A20A98CA900DA8326 /* LYUMVVMKit.app */;
			productType = "com.apple.product-type.application";
		};
/* End PBXNativeTarget section */

/* Begin PBXProject section */
		854D3D9220A98CA900DA8326 /* Project object */ = {
			isa = PBXProject;
			attributes = {
				LastSwiftUpdateCheck = 0930;
				LastUpgradeCheck = 0930;
				ORGANIZATIONNAME = "吕陈强";
				TargetAttributes = {
					854D3D9920A98CA900DA8326 = {
						CreatedOnToolsVersion = 9.3;
					};
				};
			};
			buildConfigurationList = 854D3D9520A98CA900DA8326 /* Build configuration list for PBXProject "LYUMVVMKit" */;
			compatibilityVersion = "Xcode 9.3";
			developmentRegion = en;
			hasScannedForEncodings = 0;
			knownRegions = (
				en,
				Base,
			);
			mainGroup = 854D3D9120A98CA900DA8326;
			productRefGroup = 854D3D9B20A98CA900DA8326 /* Products */;
			projectDirPath = "";
			projectRoot = "";
			targets = (
				854D3D9920A98CA900DA8326 /* LYUMVVMKit */,
			);
		};
/* End PBXProject section */

/* Begin PBXResourcesBuildPhase section */
		854D3D9820A98CA900DA8326 /* Resources */ = {
			isa = PBXResourcesBuildPhase;
			buildActionMask = 2147483647;
			files = (
				854D3DA820A98CAB00DA8326 /* LaunchScreen.storyboard in Resources */,
				854D3DA520A98CAB00DA8326 /* Assets.xcassets in Resources */,
				854D3DA320A98CA900DA8326 /* Main.storyboard in Resources */,
				8517479820B68D0D002CE67A /* read_share.png in Resources */,
			);
			runOnlyForDeploymentPostprocessing = 0;
		};
/* End PBXResourcesBuildPhase section */

/* Begin PBXShellScriptBuildPhase section */
		1A7C5011E521BE65D1DFCFD4 /* [CP] Embed Pods Frameworks */ = {
			isa = PBXShellScriptBuildPhase;
			buildActionMask = 2147483647;
			files = (
			);
			inputPaths = (
				"${SRCROOT}/Pods/Target Support Files/Pods-LYUMVVMKit/Pods-LYUMVVMKit-frameworks.sh",
				"${BUILT_PRODUCTS_DIR}/Alamofire/Alamofire.framework",
				"${BUILT_PRODUCTS_DIR}/Differentiator/Differentiator.framework",
				"${BUILT_PRODUCTS_DIR}/ESTabBarController-swift/ESTabBarController_swift.framework",
				"${BUILT_PRODUCTS_DIR}/HandyJSON/HandyJSON.framework",
				"${BUILT_PRODUCTS_DIR}/IQKeyboardManagerSwift/IQKeyboardManagerSwift.framework",
				"${BUILT_PRODUCTS_DIR}/Kingfisher/Kingfisher.framework",
				"${BUILT_PRODUCTS_DIR}/MJRefresh/MJRefresh.framework",
				"${BUILT_PRODUCTS_DIR}/Moya/Moya.framework",
				"${BUILT_PRODUCTS_DIR}/NSObject+Rx/NSObject_Rx.framework",
				"${BUILT_PRODUCTS_DIR}/Result/Result.framework",
				"${BUILT_PRODUCTS_DIR}/Reusable/Reusable.framework",
				"${BUILT_PRODUCTS_DIR}/RxCocoa/RxCocoa.framework",
				"${BUILT_PRODUCTS_DIR}/RxDataSources/RxDataSources.framework",
				"${BUILT_PRODUCTS_DIR}/RxSwift/RxSwift.framework",
				"${BUILT_PRODUCTS_DIR}/SVProgressHUD/SVProgressHUD.framework",
				"${BUILT_PRODUCTS_DIR}/SnapKit/SnapKit.framework",
				"${BUILT_PRODUCTS_DIR}/Then/Then.framework",
				"${BUILT_PRODUCTS_DIR}/Toast-Swift/Toast_Swift.framework",
			);
			name = "[CP] Embed Pods Frameworks";
			outputPaths = (
				"${TARGET_BUILD_DIR}/${FRAMEWORKS_FOLDER_PATH}/Alamofire.framework",
				"${TARGET_BUILD_DIR}/${FRAMEWORKS_FOLDER_PATH}/Differentiator.framework",
				"${TARGET_BUILD_DIR}/${FRAMEWORKS_FOLDER_PATH}/ESTabBarController_swift.framework",
				"${TARGET_BUILD_DIR}/${FRAMEWORKS_FOLDER_PATH}/HandyJSON.framework",
				"${TARGET_BUILD_DIR}/${FRAMEWORKS_FOLDER_PATH}/IQKeyboardManagerSwift.framework",
				"${TARGET_BUILD_DIR}/${FRAMEWORKS_FOLDER_PATH}/Kingfisher.framework",
				"${TARGET_BUILD_DIR}/${FRAMEWORKS_FOLDER_PATH}/MJRefresh.framework",
				"${TARGET_BUILD_DIR}/${FRAMEWORKS_FOLDER_PATH}/Moya.framework",
				"${TARGET_BUILD_DIR}/${FRAMEWORKS_FOLDER_PATH}/NSObject_Rx.framework",
				"${TARGET_BUILD_DIR}/${FRAMEWORKS_FOLDER_PATH}/Result.framework",
				"${TARGET_BUILD_DIR}/${FRAMEWORKS_FOLDER_PATH}/Reusable.framework",
				"${TARGET_BUILD_DIR}/${FRAMEWORKS_FOLDER_PATH}/RxCocoa.framework",
				"${TARGET_BUILD_DIR}/${FRAMEWORKS_FOLDER_PATH}/RxDataSources.framework",
				"${TARGET_BUILD_DIR}/${FRAMEWORKS_FOLDER_PATH}/RxSwift.framework",
				"${TARGET_BUILD_DIR}/${FRAMEWORKS_FOLDER_PATH}/SVProgressHUD.framework",
				"${TARGET_BUILD_DIR}/${FRAMEWORKS_FOLDER_PATH}/SnapKit.framework",
				"${TARGET_BUILD_DIR}/${FRAMEWORKS_FOLDER_PATH}/Then.framework",
				"${TARGET_BUILD_DIR}/${FRAMEWORKS_FOLDER_PATH}/Toast_Swift.framework",
			);
			runOnlyForDeploymentPostprocessing = 0;
			shellPath = /bin/sh;
			shellScript = "\"${SRCROOT}/Pods/Target Support Files/Pods-LYUMVVMKit/Pods-LYUMVVMKit-frameworks.sh\"\n";
			showEnvVarsInLog = 0;
		};
		937DC9FCDBABF99DE2A79434 /* [CP] Check Pods Manifest.lock */ = {
			isa = PBXShellScriptBuildPhase;
			buildActionMask = 2147483647;
			files = (
			);
			inputPaths = (
				"${PODS_PODFILE_DIR_PATH}/Podfile.lock",
				"${PODS_ROOT}/Manifest.lock",
			);
			name = "[CP] Check Pods Manifest.lock";
			outputPaths = (
				"$(DERIVED_FILE_DIR)/Pods-LYUMVVMKit-checkManifestLockResult.txt",
			);
			runOnlyForDeploymentPostprocessing = 0;
			shellPath = /bin/sh;
			shellScript = "diff \"${PODS_PODFILE_DIR_PATH}/Podfile.lock\" \"${PODS_ROOT}/Manifest.lock\" > /dev/null\nif [ $? != 0 ] ; then\n    # print error to STDERR\n    echo \"error: The sandbox is not in sync with the Podfile.lock. Run 'pod install' or update your CocoaPods installation.\" >&2\n    exit 1\nfi\n# This output is used by Xcode 'outputs' to avoid re-running this script phase.\necho \"SUCCESS\" > \"${SCRIPT_OUTPUT_FILE_0}\"\n";
			showEnvVarsInLog = 0;
		};
/* End PBXShellScriptBuildPhase section */

/* Begin PBXSourcesBuildPhase section */
		854D3D9620A98CA900DA8326 /* Sources */ = {
			isa = PBXSourcesBuildPhase;
			buildActionMask = 2147483647;
			files = (
				854D3DED20A9919400DA8326 /* Array+Extension.swift in Sources */,
				854D3DF320A9919400DA8326 /* String+Extension.swift in Sources */,
				8517479020B659F4002CE67A /* LYUViewModelType.swift in Sources */,
				61836D1720DE208C0002BB11 /* BasicContentView.swift in Sources */,
				61836D0C20DE1E870002BB11 /* VideoVC.swift in Sources */,
				61836CF220DDD5220002BB11 /* LoginM.swift in Sources */,
				854D3E0C20A9934C00DA8326 /* LYUMacros.swift in Sources */,
				85FCAD1320F75A7100BDC10D /* LYURouter.swift in Sources */,
				6118C8E420B84B0900E3B937 /* LYUNotificationCenter.swift in Sources */,
				85FCAD0E20F759F100BDC10D /* UIDevice+Extension.swift in Sources */,
				61836CED20DD3F6F0002BB11 /* UIView+Core.swift in Sources */,
				8527AD6C20E398AA0090D185 /* LYUHomeNetworkService.swift in Sources */,
				617456AC20DE99E3005FF7FD /* HomeViewCell.swift in Sources */,
				61836CE720DD381E0002BB11 /* BaseViewController.swift in Sources */,
				854D3E0420A9919400DA8326 /* UIViewController+Slide.swift in Sources */,
				85FCAD1C20F75A8B00BDC10D /* LYULinearProgressBar.swift in Sources */,
				61836D1620DE208C0002BB11 /* BackgroundContentView.swift in Sources */,
				85C2C4D620EB7CC60056ED34 /* LYULoginService.swift in Sources */,
				8517479A20B68E4E002CE67A /* LYUThirdLibConfig.swift in Sources */,
				854D3DA020A98CA900DA8326 /* ViewController.swift in Sources */,
				85C2C4D320EB70520056ED34 /* LYULoginNetworkService.swift in Sources */,
				854D3E0320A9919400DA8326 /* UIView+Snapshot.swift in Sources */,
				85FCAD2820F89D7200BDC10D /* UIViewController+LYUNavigationBar.swift in Sources */,
				61836CF720DDD6760002BB11 /* LoginVM.swift in Sources */,
				85DBEBF02109B5050090BEE0 /* LYURefreshHeaderView.swift in Sources */,
				854D3DF020A9919400DA8326 /* DispatchQueue+Once.swift in Sources */,
				619F8F662113404A00787055 /* EmjoyCollectionViewLayout.swift in Sources */,
				854D3E0120A9919400DA8326 /* UIView+BlockGesture.swift in Sources */,
				854D3DF720A9919400DA8326 /* UIResponder+Router.swift in Sources */,
				851747B420B7BDD5002CE67A /* LYUCountDownBtn.swift in Sources */,
				619F8F5A210762E100787055 /* LYUPopWindowManager.swift in Sources */,
				854D3DF220A9919400DA8326 /* NSObject+Extension.swift in Sources */,
				8517479420B66B92002CE67A /* LYUContentLayoutBtn.swift in Sources */,
				85FCAD2320F75AA800BDC10D /* UIImage+Helper.swift in Sources */,
				858504BC20CE4D510039E57D /* LYULock.swift in Sources */,
				854D3DF820A9919400DA8326 /* UserDefaults+Extension.swift in Sources */,
				85FCAD1B20F75A8B00BDC10D /* LYUBrowserConfig.swift in Sources */,
				854D3DFA20A9919400DA8326 /* UIColor+Extension.swift in Sources */,
				854D3DFC20A9919400DA8326 /* UILabel+Extension.swift in Sources */,
				61836D0620DE04EB0002BB11 /* HomeViewModel.swift in Sources */,
				61836D1220DE1EF30002BB11 /* MessageVC.swift in Sources */,
				854D3E0020A9919400DA8326 /* UIView+Animation.swift in Sources */,
				619F8F69211342F000787055 /* LYUPDFView.swift in Sources */,
				854D3E1020A9942F00DA8326 /* LoginVC.swift in Sources */,
				854D3DFF20A9919400DA8326 /* UITextField+Extension.swift in Sources */,
				854D3DEE20A9919400DA8326 /* CGFloat+Extension.swift in Sources */,
				61836D0F20DE1EC90002BB11 /* MineVC.swift in Sources */,
				852974AA20EB01640006429D /* LYUDynamicView.swift in Sources */,
				85FCAD1A20F75A8B00BDC10D /* LYUBrowser.swift in Sources */,
				854D3DF920A9919400DA8326 /* UIButton+Extension.swift in Sources */,
				854D3DFE20A9919400DA8326 /* UIScrollView+Slide.swift in Sources */,
				85FCAD1420F75A7100BDC10D /* LYURouterExtension.swift in Sources */,
				854D3DEF20A9919400DA8326 /* CGPoint+Extension.swift in Sources */,
				85FCAD1520F75A7100BDC10D /* UIViewController+LYURouter.swift in Sources */,
				61836CE520DD35A80002BB11 /* BaseNavigationController.swift in Sources */,
				61836D0020DE04AD0002BB11 /* HomeVC.swift in Sources */,
				854D3DF520A9919400DA8326 /* String+Validate.swift in Sources */,
				8527AD6220E245F80090D185 /* LYURxSwiftOperators.swift in Sources */,
				619F8F5C2107658700787055 /* DispatchQueue+Handle.swift in Sources */,
				61836CFA20DDD98D0002BB11 /* LYUHomeAPI.swift in Sources */,
				851747A320B79EBE002CE67A /* LYUMapToModelExtension.swift in Sources */,
				854D3E0620A9919400DA8326 /* UIViewController+UIBarButtonItem.swift in Sources */,
				85FCAD2220F75AA800BDC10D /* LYUNavigationBar.swift in Sources */,
				854D3DFB20A9919400DA8326 /* UIImage+Extension.swift in Sources */,
				61836CF420DDD5970002BB11 /* BaseModel.swift in Sources */,
				61836CFD20DDDEBC0002BB11 /* BaseViewModel.swift in Sources */,
				854D3E0220A9919400DA8326 /* UIView+Extension.swift in Sources */,
				619F8F5320F99DA000787055 /* UINavigationController+LYUNavigationBar.swift in Sources */,
				854D3DFD20A9919400DA8326 /* UIScrollView+Extension.swift in Sources */,
				854D3D9E20A98CA900DA8326 /* AppDelegate.swift in Sources */,
				854D3DF120A9919400DA8326 /* NSAttributedString+Extension.swift in Sources */,
				851747A720B7AB0F002CE67A /* FileManager+Extension.swift in Sources */,
				61836D0320DE04C90002BB11 /* HomeM.swift in Sources */,
				85A931C820FC461B004C0FB5 /* UINavigationBar+Extension.swift in Sources */,
				61836D0920DE193D0002BB11 /* LYUMainVC.swift in Sources */,
				85C2C4D920EB85E40056ED34 /* Rective+Category.swift in Sources */,
				854D3DF620A9919400DA8326 /* Timer+WeakProxy.swift in Sources */,
				85FCAD1E20F75A9300BDC10D /* LYUWebViewController.swift in Sources */,
				854D3E0A20A992D800DA8326 /* LYUSwiftFunctions.swift in Sources */,
				854D3DF420A9919400DA8326 /* String+Slices.swift in Sources */,
			);
			runOnlyForDeploymentPostprocessing = 0;
		};
/* End PBXSourcesBuildPhase section */

/* Begin PBXVariantGroup section */
		854D3DA120A98CA900DA8326 /* Main.storyboard */ = {
			isa = PBXVariantGroup;
			children = (
				854D3DA220A98CA900DA8326 /* Base */,
			);
			name = Main.storyboard;
			sourceTree = "<group>";
		};
		854D3DA620A98CAB00DA8326 /* LaunchScreen.storyboard */ = {
			isa = PBXVariantGroup;
			children = (
				854D3DA720A98CAB00DA8326 /* Base */,
			);
			name = LaunchScreen.storyboard;
			sourceTree = "<group>";
		};
/* End PBXVariantGroup section */

/* Begin XCBuildConfiguration section */
		854D3DAA20A98CAB00DA8326 /* Debug */ = {
			isa = XCBuildConfiguration;
			buildSettings = {
				ALWAYS_SEARCH_USER_PATHS = NO;
				CLANG_ANALYZER_NONNULL = YES;
				CLANG_ANALYZER_NUMBER_OBJECT_CONVERSION = YES_AGGRESSIVE;
				CLANG_CXX_LANGUAGE_STANDARD = "gnu++14";
				CLANG_CXX_LIBRARY = "libc++";
				CLANG_ENABLE_MODULES = YES;
				CLANG_ENABLE_OBJC_ARC = YES;
				CLANG_ENABLE_OBJC_WEAK = YES;
				CLANG_WARN_BLOCK_CAPTURE_AUTORELEASING = YES;
				CLANG_WARN_BOOL_CONVERSION = YES;
				CLANG_WARN_COMMA = YES;
				CLANG_WARN_CONSTANT_CONVERSION = YES;
				CLANG_WARN_DEPRECATED_OBJC_IMPLEMENTATIONS = YES;
				CLANG_WARN_DIRECT_OBJC_ISA_USAGE = YES_ERROR;
				CLANG_WARN_DOCUMENTATION_COMMENTS = YES;
				CLANG_WARN_EMPTY_BODY = YES;
				CLANG_WARN_ENUM_CONVERSION = YES;
				CLANG_WARN_INFINITE_RECURSION = YES;
				CLANG_WARN_INT_CONVERSION = YES;
				CLANG_WARN_NON_LITERAL_NULL_CONVERSION = YES;
				CLANG_WARN_OBJC_IMPLICIT_RETAIN_SELF = YES;
				CLANG_WARN_OBJC_LITERAL_CONVERSION = YES;
				CLANG_WARN_OBJC_ROOT_CLASS = YES_ERROR;
				CLANG_WARN_RANGE_LOOP_ANALYSIS = YES;
				CLANG_WARN_STRICT_PROTOTYPES = YES;
				CLANG_WARN_SUSPICIOUS_MOVE = YES;
				CLANG_WARN_UNGUARDED_AVAILABILITY = YES_AGGRESSIVE;
				CLANG_WARN_UNREACHABLE_CODE = YES;
				CLANG_WARN__DUPLICATE_METHOD_MATCH = YES;
				CODE_SIGN_IDENTITY = "iPhone Developer";
				COPY_PHASE_STRIP = NO;
				DEBUG_INFORMATION_FORMAT = dwarf;
				ENABLE_STRICT_OBJC_MSGSEND = YES;
				ENABLE_TESTABILITY = YES;
				GCC_C_LANGUAGE_STANDARD = gnu11;
				GCC_DYNAMIC_NO_PIC = NO;
				GCC_NO_COMMON_BLOCKS = YES;
				GCC_OPTIMIZATION_LEVEL = 0;
				GCC_PREPROCESSOR_DEFINITIONS = (
					"DEBUG=1",
					"$(inherited)",
				);
				GCC_WARN_64_TO_32_BIT_CONVERSION = YES;
				GCC_WARN_ABOUT_RETURN_TYPE = YES_ERROR;
				GCC_WARN_UNDECLARED_SELECTOR = YES;
				GCC_WARN_UNINITIALIZED_AUTOS = YES_AGGRESSIVE;
				GCC_WARN_UNUSED_FUNCTION = YES;
				GCC_WARN_UNUSED_VARIABLE = YES;
				IPHONEOS_DEPLOYMENT_TARGET = 11.3;
				MTL_ENABLE_DEBUG_INFO = YES;
				ONLY_ACTIVE_ARCH = YES;
				SDKROOT = iphoneos;
				SWIFT_ACTIVE_COMPILATION_CONDITIONS = DEBUG;
				SWIFT_OPTIMIZATION_LEVEL = "-Onone";
			};
			name = Debug;
		};
		854D3DAB20A98CAB00DA8326 /* Release */ = {
			isa = XCBuildConfiguration;
			buildSettings = {
				ALWAYS_SEARCH_USER_PATHS = NO;
				CLANG_ANALYZER_NONNULL = YES;
				CLANG_ANALYZER_NUMBER_OBJECT_CONVERSION = YES_AGGRESSIVE;
				CLANG_CXX_LANGUAGE_STANDARD = "gnu++14";
				CLANG_CXX_LIBRARY = "libc++";
				CLANG_ENABLE_MODULES = YES;
				CLANG_ENABLE_OBJC_ARC = YES;
				CLANG_ENABLE_OBJC_WEAK = YES;
				CLANG_WARN_BLOCK_CAPTURE_AUTORELEASING = YES;
				CLANG_WARN_BOOL_CONVERSION = YES;
				CLANG_WARN_COMMA = YES;
				CLANG_WARN_CONSTANT_CONVERSION = YES;
				CLANG_WARN_DEPRECATED_OBJC_IMPLEMENTATIONS = YES;
				CLANG_WARN_DIRECT_OBJC_ISA_USAGE = YES_ERROR;
				CLANG_WARN_DOCUMENTATION_COMMENTS = YES;
				CLANG_WARN_EMPTY_BODY = YES;
				CLANG_WARN_ENUM_CONVERSION = YES;
				CLANG_WARN_INFINITE_RECURSION = YES;
				CLANG_WARN_INT_CONVERSION = YES;
				CLANG_WARN_NON_LITERAL_NULL_CONVERSION = YES;
				CLANG_WARN_OBJC_IMPLICIT_RETAIN_SELF = YES;
				CLANG_WARN_OBJC_LITERAL_CONVERSION = YES;
				CLANG_WARN_OBJC_ROOT_CLASS = YES_ERROR;
				CLANG_WARN_RANGE_LOOP_ANALYSIS = YES;
				CLANG_WARN_STRICT_PROTOTYPES = YES;
				CLANG_WARN_SUSPICIOUS_MOVE = YES;
				CLANG_WARN_UNGUARDED_AVAILABILITY = YES_AGGRESSIVE;
				CLANG_WARN_UNREACHABLE_CODE = YES;
				CLANG_WARN__DUPLICATE_METHOD_MATCH = YES;
				CODE_SIGN_IDENTITY = "iPhone Developer";
				COPY_PHASE_STRIP = NO;
				DEBUG_INFORMATION_FORMAT = "dwarf-with-dsym";
				ENABLE_NS_ASSERTIONS = NO;
				ENABLE_STRICT_OBJC_MSGSEND = YES;
				GCC_C_LANGUAGE_STANDARD = gnu11;
				GCC_NO_COMMON_BLOCKS = YES;
				GCC_WARN_64_TO_32_BIT_CONVERSION = YES;
				GCC_WARN_ABOUT_RETURN_TYPE = YES_ERROR;
				GCC_WARN_UNDECLARED_SELECTOR = YES;
				GCC_WARN_UNINITIALIZED_AUTOS = YES_AGGRESSIVE;
				GCC_WARN_UNUSED_FUNCTION = YES;
				GCC_WARN_UNUSED_VARIABLE = YES;
				IPHONEOS_DEPLOYMENT_TARGET = 11.3;
				MTL_ENABLE_DEBUG_INFO = NO;
				SDKROOT = iphoneos;
				SWIFT_COMPILATION_MODE = wholemodule;
				SWIFT_OPTIMIZATION_LEVEL = "-O";
				VALIDATE_PRODUCT = YES;
			};
			name = Release;
		};
		854D3DAD20A98CAB00DA8326 /* Debug */ = {
			isa = XCBuildConfiguration;
			baseConfigurationReference = 39612B5BA894B8B3F40E3AF9 /* Pods-LYUMVVMKit.debug.xcconfig */;
			buildSettings = {
				ASSETCATALOG_COMPILER_APPICON_NAME = AppIcon;
				CODE_SIGN_STYLE = Automatic;
				DEVELOPMENT_TEAM = "";
				INFOPLIST_FILE = LYUMVVMKit/Info.plist;
				IPHONEOS_DEPLOYMENT_TARGET = 8.0;
				LD_RUNPATH_SEARCH_PATHS = (
					"$(inherited)",
					"@executable_path/Frameworks",
				);
				PRODUCT_BUNDLE_IDENTIFIER = demo.yla.com.LYUMVVMKit;
				PRODUCT_NAME = "$(TARGET_NAME)";
				SWIFT_OBJC_BRIDGING_HEADER = "$(SRCROOT)/LYUMVVMKit/LYUProject-Bridging-Header.h";
				SWIFT_VERSION = 4.0;
				TARGETED_DEVICE_FAMILY = "1,2";
			};
			name = Debug;
		};
		854D3DAE20A98CAB00DA8326 /* Release */ = {
			isa = XCBuildConfiguration;
			baseConfigurationReference = 880EC322FC07882EC6533F5A /* Pods-LYUMVVMKit.release.xcconfig */;
			buildSettings = {
				ASSETCATALOG_COMPILER_APPICON_NAME = AppIcon;
				CODE_SIGN_STYLE = Automatic;
				DEVELOPMENT_TEAM = "";
				INFOPLIST_FILE = LYUMVVMKit/Info.plist;
				IPHONEOS_DEPLOYMENT_TARGET = 8.0;
				LD_RUNPATH_SEARCH_PATHS = (
					"$(inherited)",
					"@executable_path/Frameworks",
				);
				PRODUCT_BUNDLE_IDENTIFIER = demo.yla.com.LYUMVVMKit;
				PRODUCT_NAME = "$(TARGET_NAME)";
				SWIFT_OBJC_BRIDGING_HEADER = "$(SRCROOT)/LYUMVVMKit/LYUProject-Bridging-Header.h";
				SWIFT_VERSION = 4.0;
				TARGETED_DEVICE_FAMILY = "1,2";
			};
			name = Release;
		};
/* End XCBuildConfiguration section */

/* Begin XCConfigurationList section */
		854D3D9520A98CA900DA8326 /* Build configuration list for PBXProject "LYUMVVMKit" */ = {
			isa = XCConfigurationList;
			buildConfigurations = (
				854D3DAA20A98CAB00DA8326 /* Debug */,
				854D3DAB20A98CAB00DA8326 /* Release */,
			);
			defaultConfigurationIsVisible = 0;
			defaultConfigurationName = Release;
		};
		854D3DAC20A98CAB00DA8326 /* Build configuration list for PBXNativeTarget "LYUMVVMKit" */ = {
			isa = XCConfigurationList;
			buildConfigurations = (
				854D3DAD20A98CAB00DA8326 /* Debug */,
				854D3DAE20A98CAB00DA8326 /* Release */,
			);
			defaultConfigurationIsVisible = 0;
			defaultConfigurationName = Release;
		};
/* End XCConfigurationList section */
	};
	rootObject = 854D3D9220A98CA900DA8326 /* Project object */;
}
